{
  "name": "frontend",
  "lockfileVersion": 3,
  "requires": true,
  "packages": {
    "": {
      "dependencies": {
        "product-recommendation": "file:../.."
      }
    },
    "../..": {
      "version": "1.0.0"
    },
    "node_modules/product-recommendation": {
      "resolved": "../..",
      "link": true
    }
  }
}
